{
  "pins" : [
    {
      "identity" : "appfiguratesdk",
      "kind" : "remoteSourceControl",
      "location" : "https://github.com/electricbolt/appfiguratesdk",
      "state" : {
        "branch" : "develop_5.0.0",
        "revision" : "dceb6a02b49dfb9aa84fb4d3561ab6c5dedfa5a8"
      }
    }
  ],
  "version" : 2
}
