{
  "pins" : [
    {
      "identity" : "appfiguratesdk",
      "kind" : "remoteSourceControl",
      "location" : "https://github.com/electricbolt/appfiguratesdk",
      "state" : {
        "branch" : "develop_5.0.0",
        "revision" : "cb967fdba334cc1fa53486bfb586ebb451f33eef"
      }
    }
  ],
  "version" : 2
}
